
Microsoft Visual Studio Solution File, Format Version 12.00
# Visual Studio Version 16
VisualStudioVersion = 16.0.29728.190
MinimumVisualStudioVersion = 10.0.40219.1
Project("{FAE04EC0-301F-11D3-BF4B-00C04F79EFBC}") = "HideRoutesFromSwagger", "HideRoutesFromSwagger\HideRoutesFromSwagger.csproj", "{2EDD5691-1BEE-428B-B1F9-EAC6BAD9A08C}"
EndProject
Global
	GlobalSection(SolutionConfigurationPlatforms) = preSolution
		Debug|Any CPU = Debug|Any CPU
		Release|Any CPU = Release|Any CPU
	EndGlobalSection
	GlobalSection(ProjectConfigurationPlatforms) = postSolution
		{2EDD5691-1BEE-428B-B1F9-EAC6BAD9A08C}.Debug|Any CPU.ActiveCfg = Debug|Any CPU
		{2EDD5691-1BEE-428B-B1F9-EAC6BAD9A08C}.Debug|Any CPU.Build.0 = Debug|Any CPU
		{2EDD5691-1BEE-428B-B1F9-EAC6BAD9A08C}.Release|Any CPU.ActiveCfg = Release|Any CPU
		{2EDD5691-1BEE-428B-B1F9-EAC6BAD9A08C}.Release|Any CPU.Build.0 = Release|Any CPU
	EndGlobalSection
	GlobalSection(SolutionProperties) = preSolution
		HideSolutionNode = FALSE
	EndGlobalSection
	GlobalSection(ExtensibilityGlobals) = postSolution
		SolutionGuid = {88A9D491-B3C9-4FE3-950D-ED6534002351}
	EndGlobalSection
EndGlobal
